{
  "name": "ajs-2",
  "version": "1.0.0",
  "lockfileVersion": 3,
  "requires": true,
  "packages": {
    "": {
      "name": "ajs-2",
      "version": "1.0.0",
      "license": "ISC",
      "dependencies": {
        "@anton17848/ajs": "^1.0.0"
      }
    },
    "node_modules/@anton17848/ajs": {
      "version": "1.0.0",
      "resolved": "https://npm.pkg.github.com/download/@anton17848/ajs/1.0.0/d83acd6e2d589fd9d3b8aab6fec050cbde386d15",
      "integrity": "sha512-Z8FCQWR7mnS7bSkBRU0T97l+LEfaWi9ZykbMH6+rZ+9AhkK9DiBd7xCw/tPDxf4cRMliiynkUu+9aVXIBDSVNg==",
      "license": "ISC"
    }
  }
}
